{
  "name": "@definejs/requirer",
  "version": "2.0.0",
  "lockfileVersion": 2,
  "requires": true,
  "packages": {
    "": {
      "name": "@definejs/requirer",
      "version": "2.0.0",
      "license": "MIT",
      "dependencies": {
        "@definejs/array": "^1.1.0",
        "@definejs/file": "^2.0.1",
        "@definejs/fn": "^1.0.0",
        "@definejs/lines": "^1.0.0",
        "@definejs/patterns": "^1.0.2"
      }
    },
    "node_modules/@definejs/array": {
      "version": "1.1.0",
      "resolved": "https://registry.npmjs.org/@definejs/array/-/array-1.1.0.tgz",
      "integrity": "sha512-1x0XUdDVT4ecVqbR1vl68whhRCCyO8BiFPRXl2tyWsuqubkNNlXL3PtedytvPexpExqX0Bedlkj8DnXYH2fj5g=="
    },
    "node_modules/@definejs/directory": {
      "version": "2.0.2",
      "resolved": "https://registry.npmjs.org/@definejs/directory/-/directory-2.0.2.tgz",
      "integrity": "sha512-HCs4NCBMARy6/572N1BYAz9l9nHnb985OB2O6x5ntUPCot3rZxhBSr75wxZzEmu+e0oqFGDeBJNWdFc7lSsQAw==",
      "dependencies": {
        "@definejs/path": "^2.0.1"
      }
    },
    "node_modules/@definejs/file": {
      "version": "2.0.1",
      "resolved": "https://registry.npmjs.org/@definejs/file/-/file-2.0.1.tgz",
      "integrity": "sha512-+l/uS+SQD8DRCutgBh7qlh3SBPF7qOjTk2UHBRKL7eCQky3GhA8it66hAKIVrsi1/3+sW2GdzMNpyJKTa1IHtw==",
      "dependencies": {
        "@definejs/directory": "^2.0.2",
        "iconv-lite": "^0.6.2"
      }
    },
    "node_modules/@definejs/fn": {
      "version": "1.0.0",
      "resolved": "https://registry.npmjs.org/@definejs/fn/-/fn-1.0.0.tgz",
      "integrity": "sha512-YZqW2WfMC4kPCxRGMe+sgMNhWYK8pQchVJeo5aRYq1I6IhUpVNvreT5UW29LzFpDBNOqMbDzKa5jUel9qW0JRg==",
      "dependencies": {
        "@definejs/math": "^1.0.0"
      }
    },
    "node_modules/@definejs/lines": {
      "version": "1.0.0",
      "resolved": "https://registry.npmjs.org/@definejs/lines/-/lines-1.0.0.tgz",
      "integrity": "sha512-MEAqB2FF6NmerKZg1ATL3Xo4LRu/Bn83dHfswylpj+KL+Qy9VbI5ooOwFE50dy6k9E0bitqcGgS61zhSkXrivw==",
      "dependencies": {
        "@definejs/string": "^1.0.0"
      }
    },
    "node_modules/@definejs/math": {
      "version": "1.0.0",
      "resolved": "https://registry.npmjs.org/@definejs/math/-/math-1.0.0.tgz",
      "integrity": "sha512-3epnTiGFaEoofhRfmT1cdd3KAhC8DQf518Xmh0tTTdqDCnfGcHx+GRZRGX5o1vlb946GBJ3/OEQQb2bRnAl0/g=="
    },
    "node_modules/@definejs/path": {
      "version": "2.0.1",
      "resolved": "https://registry.npmjs.org/@definejs/path/-/path-2.0.1.tgz",
      "integrity": "sha512-PMNdSIP/VQvX7R94Yvjb4hGA0/n3k2MVnONjV8j2RtxDACAD6R67Ek8ezc7C5dDdwvT2IaYxaaqXeltyLRStyg=="
    },
    "node_modules/@definejs/patterns": {
      "version": "1.0.2",
      "resolved": "https://registry.npmjs.org/@definejs/patterns/-/patterns-1.0.2.tgz",
      "integrity": "sha512-PcejA0Fy/MgJcg5MBaMlG/C0bRGvBi4Z6uujYGnnepy7W4UkkhgMDM9TvDyY3kwYHmMgBf18314yGgLiFbMXDw==",
      "dependencies": {
        "@definejs/directory": "^2.0.2",
        "@definejs/path": "^2.0.1",
        "minimatch": "^3.0.4"
      }
    },
    "node_modules/@definejs/string": {
      "version": "1.0.0",
      "resolved": "https://registry.npmjs.org/@definejs/string/-/string-1.0.0.tgz",
      "integrity": "sha512-w07CpqHYu6th6y+n5jic6ZUdiB19GPzuq8LGHqpSky8R28ugA1uIDkFodd5tt9dokD00pLd4nFY6bO8JuLYxxQ=="
    },
    "node_modules/balanced-match": {
      "version": "1.0.2",
      "resolved": "https://registry.npmjs.org/balanced-match/-/balanced-match-1.0.2.tgz",
      "integrity": "sha512-3oSeUO0TMV67hN1AmbXsK4yaqU7tjiHlbxRDZOpH0KW9+CeX4bRAaX0Anxt0tx2MrpRpWwQaPwIlISEJhYU5Pw=="
    },
    "node_modules/brace-expansion": {
      "version": "1.1.11",
      "resolved": "https://registry.npmjs.org/brace-expansion/-/brace-expansion-1.1.11.tgz",
      "integrity": "sha512-iCuPHDFgrHX7H2vEI/5xpz07zSHB00TpugqhmYtVmMO6518mCuRMoOYFldEBl0g187ufozdaHgWKcYFb61qGiA==",
      "dependencies": {
        "balanced-match": "^1.0.0",
        "concat-map": "0.0.1"
      }
    },
    "node_modules/concat-map": {
      "version": "0.0.1",
      "resolved": "https://registry.npmjs.org/concat-map/-/concat-map-0.0.1.tgz",
      "integrity": "sha1-2Klr13/Wjfd5OnMDajug1UBdR3s="
    },
    "node_modules/iconv-lite": {
      "version": "0.6.3",
      "resolved": "https://registry.npmjs.org/iconv-lite/-/iconv-lite-0.6.3.tgz",
      "integrity": "sha512-4fCk79wshMdzMp2rH06qWrJE4iolqLhCUH+OiuIgU++RB0+94NlDL81atO7GX55uUKueo0txHNtvEyI6D7WdMw==",
      "dependencies": {
        "safer-buffer": ">= 2.1.2 < 3.0.0"
      },
      "engines": {
        "node": ">=0.10.0"
      }
    },
    "node_modules/minimatch": {
      "version": "3.0.4",
      "resolved": "https://registry.npmjs.org/minimatch/-/minimatch-3.0.4.tgz",
      "integrity": "sha512-yJHVQEhyqPLUTgt9B83PXu6W3rx4MvvHvSUvToogpwoGDOUQ+yDrR0HRot+yOCdCO7u4hX3pWft6kWBBcqh0UA==",
      "dependencies": {
        "brace-expansion": "^1.1.7"
      },
      "engines": {
        "node": "*"
      }
    },
    "node_modules/safer-buffer": {
      "version": "2.1.2",
      "resolved": "https://registry.npmjs.org/safer-buffer/-/safer-buffer-2.1.2.tgz",
      "integrity": "sha512-YZo3K82SD7Riyi0E1EQPojLz7kpepnSQI9IyPbHHg1XXXevb5dJI7tpyN2ADxGcQbHG7vcyRHk0cbwqcQriUtg=="
    }
  },
  "dependencies": {
    "@definejs/array": {
      "version": "1.1.0",
      "resolved": "https://registry.npmjs.org/@definejs/array/-/array-1.1.0.tgz",
      "integrity": "sha512-1x0XUdDVT4ecVqbR1vl68whhRCCyO8BiFPRXl2tyWsuqubkNNlXL3PtedytvPexpExqX0Bedlkj8DnXYH2fj5g=="
    },
    "@definejs/directory": {
      "version": "2.0.2",
      "resolved": "https://registry.npmjs.org/@definejs/directory/-/directory-2.0.2.tgz",
      "integrity": "sha512-HCs4NCBMARy6/572N1BYAz9l9nHnb985OB2O6x5ntUPCot3rZxhBSr75wxZzEmu+e0oqFGDeBJNWdFc7lSsQAw==",
      "requires": {
        "@definejs/path": "^2.0.1"
      }
    },
    "@definejs/file": {
      "version": "2.0.1",
      "resolved": "https://registry.npmjs.org/@definejs/file/-/file-2.0.1.tgz",
      "integrity": "sha512-+l/uS+SQD8DRCutgBh7qlh3SBPF7qOjTk2UHBRKL7eCQky3GhA8it66hAKIVrsi1/3+sW2GdzMNpyJKTa1IHtw==",
      "requires": {
        "@definejs/directory": "^2.0.2",
        "iconv-lite": "^0.6.2"
      }
    },
    "@definejs/fn": {
      "version": "1.0.0",
      "resolved": "https://registry.npmjs.org/@definejs/fn/-/fn-1.0.0.tgz",
      "integrity": "sha512-YZqW2WfMC4kPCxRGMe+sgMNhWYK8pQchVJeo5aRYq1I6IhUpVNvreT5UW29LzFpDBNOqMbDzKa5jUel9qW0JRg==",
      "requires": {
        "@definejs/math": "^1.0.0"
      }
    },
    "@definejs/lines": {
      "version": "1.0.0",
      "resolved": "https://registry.npmjs.org/@definejs/lines/-/lines-1.0.0.tgz",
      "integrity": "sha512-MEAqB2FF6NmerKZg1ATL3Xo4LRu/Bn83dHfswylpj+KL+Qy9VbI5ooOwFE50dy6k9E0bitqcGgS61zhSkXrivw==",
      "requires": {
        "@definejs/string": "^1.0.0"
      }
    },
    "@definejs/math": {
      "version": "1.0.0",
      "resolved": "https://registry.npmjs.org/@definejs/math/-/math-1.0.0.tgz",
      "integrity": "sha512-3epnTiGFaEoofhRfmT1cdd3KAhC8DQf518Xmh0tTTdqDCnfGcHx+GRZRGX5o1vlb946GBJ3/OEQQb2bRnAl0/g=="
    },
    "@definejs/path": {
      "version": "2.0.1",
      "resolved": "https://registry.npmjs.org/@definejs/path/-/path-2.0.1.tgz",
      "integrity": "sha512-PMNdSIP/VQvX7R94Yvjb4hGA0/n3k2MVnONjV8j2RtxDACAD6R67Ek8ezc7C5dDdwvT2IaYxaaqXeltyLRStyg=="
    },
    "@definejs/patterns": {
      "version": "1.0.2",
      "resolved": "https://registry.npmjs.org/@definejs/patterns/-/patterns-1.0.2.tgz",
      "integrity": "sha512-PcejA0Fy/MgJcg5MBaMlG/C0bRGvBi4Z6uujYGnnepy7W4UkkhgMDM9TvDyY3kwYHmMgBf18314yGgLiFbMXDw==",
      "requires": {
        "@definejs/directory": "^2.0.2",
        "@definejs/path": "^2.0.1",
        "minimatch": "^3.0.4"
      }
    },
    "@definejs/string": {
      "version": "1.0.0",
      "resolved": "https://registry.npmjs.org/@definejs/string/-/string-1.0.0.tgz",
      "integrity": "sha512-w07CpqHYu6th6y+n5jic6ZUdiB19GPzuq8LGHqpSky8R28ugA1uIDkFodd5tt9dokD00pLd4nFY6bO8JuLYxxQ=="
    },
    "balanced-match": {
      "version": "1.0.2",
      "resolved": "https://registry.npmjs.org/balanced-match/-/balanced-match-1.0.2.tgz",
      "integrity": "sha512-3oSeUO0TMV67hN1AmbXsK4yaqU7tjiHlbxRDZOpH0KW9+CeX4bRAaX0Anxt0tx2MrpRpWwQaPwIlISEJhYU5Pw=="
    },
    "brace-expansion": {
      "version": "1.1.11",
      "resolved": "https://registry.npmjs.org/brace-expansion/-/brace-expansion-1.1.11.tgz",
      "integrity": "sha512-iCuPHDFgrHX7H2vEI/5xpz07zSHB00TpugqhmYtVmMO6518mCuRMoOYFldEBl0g187ufozdaHgWKcYFb61qGiA==",
      "requires": {
        "balanced-match": "^1.0.0",
        "concat-map": "0.0.1"
      }
    },
    "concat-map": {
      "version": "0.0.1",
      "resolved": "https://registry.npmjs.org/concat-map/-/concat-map-0.0.1.tgz",
      "integrity": "sha1-2Klr13/Wjfd5OnMDajug1UBdR3s="
    },
    "iconv-lite": {
      "version": "0.6.3",
      "resolved": "https://registry.npmjs.org/iconv-lite/-/iconv-lite-0.6.3.tgz",
      "integrity": "sha512-4fCk79wshMdzMp2rH06qWrJE4iolqLhCUH+OiuIgU++RB0+94NlDL81atO7GX55uUKueo0txHNtvEyI6D7WdMw==",
      "requires": {
        "safer-buffer": ">= 2.1.2 < 3.0.0"
      }
    },
    "minimatch": {
      "version": "3.0.4",
      "resolved": "https://registry.npmjs.org/minimatch/-/minimatch-3.0.4.tgz",
      "integrity": "sha512-yJHVQEhyqPLUTgt9B83PXu6W3rx4MvvHvSUvToogpwoGDOUQ+yDrR0HRot+yOCdCO7u4hX3pWft6kWBBcqh0UA==",
      "requires": {
        "brace-expansion": "^1.1.7"
      }
    },
    "safer-buffer": {
      "version": "2.1.2",
      "resolved": "https://registry.npmjs.org/safer-buffer/-/safer-buffer-2.1.2.tgz",
      "integrity": "sha512-YZo3K82SD7Riyi0E1EQPojLz7kpepnSQI9IyPbHHg1XXXevb5dJI7tpyN2ADxGcQbHG7vcyRHk0cbwqcQriUtg=="
    }
  }
}
